
Microsoft Visual Studio Solution File, Format Version 12.00
# Visual Studio 15
VisualStudioVersion = 15.0.27703.2000
MinimumVisualStudioVersion = 10.0.40219.1
Project("{FAE04EC0-301F-11D3-BF4B-00C04F79EFBC}") = "LibraryWebApp", "LibraryWebApp\LibraryWebApp.csproj", "{17D4161F-D79D-42D5-A016-726E9CC379A7}"
EndProject
Global
	GlobalSection(SolutionConfigurationPlatforms) = preSolution
		Debug|Any CPU = Debug|Any CPU
		Release|Any CPU = Release|Any CPU
	EndGlobalSection
	GlobalSection(ProjectConfigurationPlatforms) = postSolution
		{17D4161F-D79D-42D5-A016-726E9CC379A7}.Debug|Any CPU.ActiveCfg = Debug|Any CPU
		{17D4161F-D79D-42D5-A016-726E9CC379A7}.Debug|Any CPU.Build.0 = Debug|Any CPU
		{17D4161F-D79D-42D5-A016-726E9CC379A7}.Release|Any CPU.ActiveCfg = Release|Any CPU
		{17D4161F-D79D-42D5-A016-726E9CC379A7}.Release|Any CPU.Build.0 = Release|Any CPU
	EndGlobalSection
	GlobalSection(SolutionProperties) = preSolution
		HideSolutionNode = FALSE
	EndGlobalSection
	GlobalSection(ExtensibilityGlobals) = postSolution
		SolutionGuid = {041A2856-2371-4921-856A-B3868A01B7BD}
	EndGlobalSection
EndGlobal
